
Microsoft Visual Studio Solution File, Format Version 12.00
# Visual Studio 15
VisualStudioVersion = 15.0.27428.2015
MinimumVisualStudioVersion = 10.0.40219.1
Project("{FAE04EC0-301F-11D3-BF4B-00C04F79EFBC}") = "WatchdogDotNet", "WatchdogDotNet\WatchdogDotNet.csproj", "{9B811687-519B-410C-9F03-ABFA8815921C}"
EndProject
Project("{FAE04EC0-301F-11D3-BF4B-00C04F79EFBC}") = "UnitTests", "UnitTests\UnitTests.csproj", "{55648CE6-3EE3-4E5A-975B-392ED456ACB7}"
EndProject
Global
	GlobalSection(SolutionConfigurationPlatforms) = preSolution
		Debug|Any CPU = Debug|Any CPU
		Release|Any CPU = Release|Any CPU
	EndGlobalSection
	GlobalSection(ProjectConfigurationPlatforms) = postSolution
		{9B811687-519B-410C-9F03-ABFA8815921C}.Debug|Any CPU.ActiveCfg = Debug|Any CPU
		{9B811687-519B-410C-9F03-ABFA8815921C}.Debug|Any CPU.Build.0 = Debug|Any CPU
		{9B811687-519B-410C-9F03-ABFA8815921C}.Release|Any CPU.ActiveCfg = Release|Any CPU
		{9B811687-519B-410C-9F03-ABFA8815921C}.Release|Any CPU.Build.0 = Release|Any CPU
		{55648CE6-3EE3-4E5A-975B-392ED456ACB7}.Debug|Any CPU.ActiveCfg = Debug|Any CPU
		{55648CE6-3EE3-4E5A-975B-392ED456ACB7}.Debug|Any CPU.Build.0 = Debug|Any CPU
		{55648CE6-3EE3-4E5A-975B-392ED456ACB7}.Release|Any CPU.ActiveCfg = Release|Any CPU
		{55648CE6-3EE3-4E5A-975B-392ED456ACB7}.Release|Any CPU.Build.0 = Release|Any CPU
	EndGlobalSection
	GlobalSection(SolutionProperties) = preSolution
		HideSolutionNode = FALSE
	EndGlobalSection
	GlobalSection(ExtensibilityGlobals) = postSolution
		SolutionGuid = {CAA94C8A-9F56-4309-821D-3F59DE966FB5}
	EndGlobalSection
EndGlobal
